
Microsoft Visual Studio Solution File, Format Version 12.00
# Visual Studio 15
VisualStudioVersion = 15.0.27703.2047
MinimumVisualStudioVersion = 10.0.40219.1
Project("{FAE04EC0-301F-11D3-BF4B-00C04F79EFBC}") = "NetVip12HomeWork3", "NetVipHomeWork3\NetVip12HomeWork3.csproj", "{247E18F6-9ED4-4553-A554-D9BB21054954}"
EndProject
Project("{FAE04EC0-301F-11D3-BF4B-00C04F79EFBC}") = "NetVip12.HomeWork.Model", "NetVip12.HomeWork.Model\NetVip12.HomeWork.Model.csproj", "{0915552D-1DB9-4470-A9CB-026B057130A7}"
EndProject
Project("{FAE04EC0-301F-11D3-BF4B-00C04F79EFBC}") = "NetVip12.HomeWork.Interface", "NetVip.HomeWork.Interface\NetVip12.HomeWork.Interface.csproj", "{4E112EBE-52F7-4217-B313-1A53910A1A13}"
EndProject
Project("{FAE04EC0-301F-11D3-BF4B-00C04F79EFBC}") = "NetVip12.HomeWork.Common", "NetVip12.HomeWork.Common\NetVip12.HomeWork.Common.csproj", "{B81E9FE9-7FFB-411C-ABCB-F02461CBF565}"
EndProject
Project("{FAE04EC0-301F-11D3-BF4B-00C04F79EFBC}") = "NetVip12.HomeWork.BLL", "NETVip12.HomeWork.BLL\NetVip12.HomeWork.BLL.csproj", "{BD49F6F7-1CA2-4708-8647-585D40D5317C}"
EndProject
Global
	GlobalSection(SolutionConfigurationPlatforms) = preSolution
		Debug|Any CPU = Debug|Any CPU
		Release|Any CPU = Release|Any CPU
	EndGlobalSection
	GlobalSection(ProjectConfigurationPlatforms) = postSolution
		{247E18F6-9ED4-4553-A554-D9BB21054954}.Debug|Any CPU.ActiveCfg = Debug|Any CPU
		{247E18F6-9ED4-4553-A554-D9BB21054954}.Debug|Any CPU.Build.0 = Debug|Any CPU
		{247E18F6-9ED4-4553-A554-D9BB21054954}.Release|Any CPU.ActiveCfg = Release|Any CPU
		{247E18F6-9ED4-4553-A554-D9BB21054954}.Release|Any CPU.Build.0 = Release|Any CPU
		{0915552D-1DB9-4470-A9CB-026B057130A7}.Debug|Any CPU.ActiveCfg = Debug|Any CPU
		{0915552D-1DB9-4470-A9CB-026B057130A7}.Debug|Any CPU.Build.0 = Debug|Any CPU
		{0915552D-1DB9-4470-A9CB-026B057130A7}.Release|Any CPU.ActiveCfg = Release|Any CPU
		{0915552D-1DB9-4470-A9CB-026B057130A7}.Release|Any CPU.Build.0 = Release|Any CPU
		{4E112EBE-52F7-4217-B313-1A53910A1A13}.Debug|Any CPU.ActiveCfg = Debug|Any CPU
		{4E112EBE-52F7-4217-B313-1A53910A1A13}.Debug|Any CPU.Build.0 = Debug|Any CPU
		{4E112EBE-52F7-4217-B313-1A53910A1A13}.Release|Any CPU.ActiveCfg = Release|Any CPU
		{4E112EBE-52F7-4217-B313-1A53910A1A13}.Release|Any CPU.Build.0 = Release|Any CPU
		{B81E9FE9-7FFB-411C-ABCB-F02461CBF565}.Debug|Any CPU.ActiveCfg = Debug|Any CPU
		{B81E9FE9-7FFB-411C-ABCB-F02461CBF565}.Debug|Any CPU.Build.0 = Debug|Any CPU
		{B81E9FE9-7FFB-411C-ABCB-F02461CBF565}.Release|Any CPU.ActiveCfg = Release|Any CPU
		{B81E9FE9-7FFB-411C-ABCB-F02461CBF565}.Release|Any CPU.Build.0 = Release|Any CPU
		{BD49F6F7-1CA2-4708-8647-585D40D5317C}.Debug|Any CPU.ActiveCfg = Debug|Any CPU
		{BD49F6F7-1CA2-4708-8647-585D40D5317C}.Debug|Any CPU.Build.0 = Debug|Any CPU
		{BD49F6F7-1CA2-4708-8647-585D40D5317C}.Release|Any CPU.ActiveCfg = Release|Any CPU
		{BD49F6F7-1CA2-4708-8647-585D40D5317C}.Release|Any CPU.Build.0 = Release|Any CPU
	EndGlobalSection
	GlobalSection(SolutionProperties) = preSolution
		HideSolutionNode = FALSE
	EndGlobalSection
	GlobalSection(ExtensibilityGlobals) = postSolution
		SolutionGuid = {7ED06DAC-EFFA-41A9-95C4-995B633ED6EE}
	EndGlobalSection
EndGlobal
